<?xml version="1.0" encoding="utf-8"?>
<Project ToolsVersion="4.0" xmlns="http://schemas.microsoft.com/developer/msbuild/2003">
  <ItemGroup>
    <Filter Include="Source Files">
      <UniqueIdentifier>{4FC737F1-C7A5-4376-A066-2A32D752A2FF}</UniqueIdentifier>
      <Extensions>cpp;c;cc;cxx;def;odl;idl;hpj;bat;asm;asmx</Extensions>
    </Filter>
    <Filter Include="Header Files">
      <UniqueIdentifier>{93995380-89BD-4b04-88EB-625FBE52EBFB}</UniqueIdentifier>
      <Extensions>h;hh;hpp;hxx;hm;inl;inc;xsd</Extensions>
    </Filter>
    <Filter Include="Resource Files">
      <UniqueIdentifier>{67DA6AB6-F800-4c08-8B7A-83BB121AAD01}</UniqueIdentifier>
      <Extensions>rc;ico;cur;bmp;dlg;rc2;rct;bin;rgs;gif;jpg;jpeg;jpe;resx;tiff;tif;png;wav</Extensions>
    </Filter>
  </ItemGroup>
  <ItemGroup>
    <ClCompile Include="completion_hash.cc">
      <Filter>Source Files</Filter>
    </ClCompile>
    <ClCompile Include="mysql.cc">
      <Filter>Source Files</Filter>
    </ClCompile>
    <ClCompile Include="readline.cc">
      <Filter>Source Files</Filter>
    </ClCompile>
    <ClCompile Include="sql_string.cc">
      <Filter>Source Files</Filter>
    </ClCompile>
    <ClCompile Include="include\boost_1_59_0\libs\atomic\src\lockpool.cpp">
      <Filter>Source Files</Filter>
    </ClCompile>
    <ClCompile Include="include\boost_1_59_0\libs\chrono\src\chrono.cpp">
      <Filter>Source Files</Filter>
    </ClCompile>
    <ClCompile Include="include\boost_1_59_0\libs\system\src\error_code.cpp">
      <Filter>Source Files</Filter>
    </ClCompile>
  </ItemGroup>
  <ItemGroup>
    <ClInclude Include="binary_log_funcs.h">
      <Filter>Header Files</Filter>
    </ClInclude>
    <ClInclude Include="binary_log_types.h">
      <Filter>Header Files</Filter>
    </ClInclude>
    <ClInclude Include="client_priv.h">
      <Filter>Header Files</Filter>
    </ClInclude>
    <ClInclude Include="completion_hash.h">
      <Filter>Header Files</Filter>
    </ClInclude>
    <ClInclude Include="mysql_version.h">
      <Filter>Header Files</Filter>
    </ClInclude>
    <ClInclude Include="my_config.h">
      <Filter>Header Files</Filter>
    </ClInclude>
    <ClInclude Include="my_default.h">
      <Filter>Header Files</Filter>
    </ClInclude>
    <ClInclude Include="my_global.h">
      <Filter>Header Files</Filter>
    </ClInclude>
    <ClInclude Include="my_readline.h">
      <Filter>Header Files</Filter>
    </ClInclude>
    <ClInclude Include="m_string.h">
      <Filter>Header Files</Filter>
    </ClInclude>
    <ClInclude Include="include\base64.h">
      <Filter>Header Files</Filter>
    </ClInclude>
    <ClInclude Include="include\big_endian.h">
      <Filter>Header Files</Filter>
    </ClInclude>
    <ClInclude Include="include\byte_order_generic.h">
      <Filter>Header Files</Filter>
    </ClInclude>
    <ClInclude Include="include\byte_order_generic_x86.h">
      <Filter>Header Files</Filter>
    </ClInclude>
    <ClInclude Include="include\crypt_genhash_impl.h">
      <Filter>Header Files</Filter>
    </ClInclude>
    <ClInclude Include="include\decimal.h">
      <Filter>Header Files</Filter>
    </ClInclude>
    <ClInclude Include="include\dur_prop.h">
      <Filter>Header Files</Filter>
    </ClInclude>
    <ClInclude Include="include\errmsg.h">
      <Filter>Header Files</Filter>
    </ClInclude>
    <ClInclude Include="include\ft_global.h">
      <Filter>Header Files</Filter>
    </ClInclude>
    <ClInclude Include="include\hash.h">
      <Filter>Header Files</Filter>
    </ClInclude>
    <ClInclude Include="include\heap.h">
      <Filter>Header Files</Filter>
    </ClInclude>
    <ClInclude Include="include\instance_callback.h">
      <Filter>Header Files</Filter>
    </ClInclude>
    <ClInclude Include="include\i_callable.h">
      <Filter>Header Files</Filter>
    </ClInclude>
    <ClInclude Include="include\keycache.h">
      <Filter>Header Files</Filter>
    </ClInclude>
    <ClInclude Include="include\lf.h">
      <Filter>Header Files</Filter>
    </ClInclude>
    <ClInclude Include="include\little_endian.h">
      <Filter>Header Files</Filter>
    </ClInclude>
    <ClInclude Include="include\mutex_lock.h">
      <Filter>Header Files</Filter>
    </ClInclude>
    <ClInclude Include="include\myisam.h">
      <Filter>Header Files</Filter>
    </ClInclude>
    <ClInclude Include="include\myisammrg.h">
      <Filter>Header Files</Filter>
    </ClInclude>
    <ClInclude Include="include\myisampack.h">
      <Filter>Header Files</Filter>
    </ClInclude>
    <ClInclude Include="include\mysql.h">
      <Filter>Header Files</Filter>
    </ClInclude>
    <ClInclude Include="include\mysql_com.h">
      <Filter>Header Files</Filter>
    </ClInclude>
    <ClInclude Include="include\mysql_com_server.h">
      <Filter>Header Files</Filter>
    </ClInclude>
    <ClInclude Include="include\mysql_embed.h">
      <Filter>Header Files</Filter>
    </ClInclude>
    <ClInclude Include="include\mysql_time.h">
      <Filter>Header Files</Filter>
    </ClInclude>
    <ClInclude Include="include\mysys_err.h">
      <Filter>Header Files</Filter>
    </ClInclude>
    <ClInclude Include="include\my_aes.h">
      <Filter>Header Files</Filter>
    </ClInclude>
    <ClInclude Include="include\my_alloc.h">
      <Filter>Header Files</Filter>
    </ClInclude>
    <ClInclude Include="include\my_atomic.h">
      <Filter>Header Files</Filter>
    </ClInclude>
    <ClInclude Include="include\my_base.h">
      <Filter>Header Files</Filter>
    </ClInclude>
    <ClInclude Include="include\my_bit.h">
      <Filter>Header Files</Filter>
    </ClInclude>
    <ClInclude Include="include\my_bitmap.h">
      <Filter>Header Files</Filter>
    </ClInclude>
    <ClInclude Include="include\my_byteorder.h">
      <Filter>Header Files</Filter>
    </ClInclude>
    <ClInclude Include="include\my_check_opt.h">
      <Filter>Header Files</Filter>
    </ClInclude>
    <ClInclude Include="include\my_command.h">
      <Filter>Header Files</Filter>
    </ClInclude>
    <ClInclude Include="include\my_compare.h">
      <Filter>Header Files</Filter>
    </ClInclude>
    <ClInclude Include="include\my_compiler.h">
      <Filter>Header Files</Filter>
    </ClInclude>
    <ClInclude Include="include\my_dbug.h">
      <Filter>Header Files</Filter>
    </ClInclude>
    <ClInclude Include="include\my_default.h">
      <Filter>Header Files</Filter>
    </ClInclude>
    <ClInclude Include="include\my_dir.h">
      <Filter>Header Files</Filter>
    </ClInclude>
    <ClInclude Include="include\my_getopt.h">
      <Filter>Header Files</Filter>
    </ClInclude>
    <ClInclude Include="include\my_global.h">
      <Filter>Header Files</Filter>
    </ClInclude>
    <ClInclude Include="include\my_icp.h">
      <Filter>Header Files</Filter>
    </ClInclude>
    <ClInclude Include="include\my_list.h">
      <Filter>Header Files</Filter>
    </ClInclude>
    <ClInclude Include="include\my_md5.h">
      <Filter>Header Files</Filter>
    </ClInclude>
    <ClInclude Include="include\my_md5_size.h">
      <Filter>Header Files</Filter>
    </ClInclude>
    <ClInclude Include="include\my_murmur3.h">
      <Filter>Header Files</Filter>
    </ClInclude>
    <ClInclude Include="include\my_rdtsc.h">
      <Filter>Header Files</Filter>
    </ClInclude>
    <ClInclude Include="include\my_rnd.h">
      <Filter>Header Files</Filter>
    </ClInclude>
    <ClInclude Include="include\my_sqlcommand.h">
      <Filter>Header Files</Filter>
    </ClInclude>
    <ClInclude Include="include\my_stacktrace.h">
      <Filter>Header Files</Filter>
    </ClInclude>
    <ClInclude Include="include\my_sys.h">
      <Filter>Header Files</Filter>
    </ClInclude>
    <ClInclude Include="include\my_thread.h">
      <Filter>Header Files</Filter>
    </ClInclude>
    <ClInclude Include="include\my_thread_local.h">
      <Filter>Header Files</Filter>
    </ClInclude>
    <ClInclude Include="include\my_thread_os_id.h">
      <Filter>Header Files</Filter>
    </ClInclude>
    <ClInclude Include="include\my_time.h">
      <Filter>Header Files</Filter>
    </ClInclude>
    <ClInclude Include="include\my_timer.h">
      <Filter>Header Files</Filter>
    </ClInclude>
    <ClInclude Include="include\my_tree.h">
      <Filter>Header Files</Filter>
    </ClInclude>
    <ClInclude Include="include\my_uctype.h">
      <Filter>Header Files</Filter>
    </ClInclude>
    <ClInclude Include="include\my_user.h">
      <Filter>Header Files</Filter>
    </ClInclude>
    <ClInclude Include="include\my_xml.h">
      <Filter>Header Files</Filter>
    </ClInclude>
    <ClInclude Include="include\m_ctype.h">
      <Filter>Header Files</Filter>
    </ClInclude>
    <ClInclude Include="include\m_string.h">
      <Filter>Header Files</Filter>
    </ClInclude>
    <ClInclude Include="include\nullable.h">
      <Filter>Header Files</Filter>
    </ClInclude>
    <ClInclude Include="include\password.h">
      <Filter>Header Files</Filter>
    </ClInclude>
    <ClInclude Include="include\pfs_file_provider.h">
      <Filter>Header Files</Filter>
    </ClInclude>
    <ClInclude Include="include\pfs_idle_provider.h">
      <Filter>Header Files</Filter>
    </ClInclude>
    <ClInclude Include="include\pfs_memory_provider.h">
      <Filter>Header Files</Filter>
    </ClInclude>
    <ClInclude Include="include\pfs_metadata_provider.h">
      <Filter>Header Files</Filter>
    </ClInclude>
    <ClInclude Include="include\pfs_socket_provider.h">
      <Filter>Header Files</Filter>
    </ClInclude>
    <ClInclude Include="include\pfs_stage_provider.h">
      <Filter>Header Files</Filter>
    </ClInclude>
    <ClInclude Include="include\pfs_statement_provider.h">
      <Filter>Header Files</Filter>
    </ClInclude>
    <ClInclude Include="include\pfs_table_provider.h">
      <Filter>Header Files</Filter>
    </ClInclude>
    <ClInclude Include="include\pfs_thread_provider.h">
      <Filter>Header Files</Filter>
    </ClInclude>
    <ClInclude Include="include\pfs_transaction_provider.h">
      <Filter>Header Files</Filter>
    </ClInclude>
    <ClInclude Include="include\prealloced_array.h">
      <Filter>Header Files</Filter>
    </ClInclude>
    <ClInclude Include="include\priority_queue.h">
      <Filter>Header Files</Filter>
    </ClInclude>
    <ClInclude Include="include\probes_mysql.h">
      <Filter>Header Files</Filter>
    </ClInclude>
    <ClInclude Include="include\probes_mysql_nodtrace.h">
      <Filter>Header Files</Filter>
    </ClInclude>
    <ClInclude Include="include\queues.h">
      <Filter>Header Files</Filter>
    </ClInclude>
    <ClInclude Include="include\service_versions.h">
      <Filter>Header Files</Filter>
    </ClInclude>
    <ClInclude Include="include\sha1.h">
      <Filter>Header Files</Filter>
    </ClInclude>
    <ClInclude Include="include\sha2.h">
      <Filter>Header Files</Filter>
    </ClInclude>
    <ClInclude Include="include\sql_chars.h">
      <Filter>Header Files</Filter>
    </ClInclude>
    <ClInclude Include="include\sql_common.h">
      <Filter>Header Files</Filter>
    </ClInclude>
    <ClInclude Include="include\sql_string.h">
      <Filter>Header Files</Filter>
    </ClInclude>
    <ClInclude Include="include\sslopt-case.h">
      <Filter>Header Files</Filter>
    </ClInclude>
    <ClInclude Include="include\sslopt-longopts.h">
      <Filter>Header Files</Filter>
    </ClInclude>
    <ClInclude Include="include\sslopt-vars.h">
      <Filter>Header Files</Filter>
    </ClInclude>
    <ClInclude Include="include\template_utils.h">
      <Filter>Header Files</Filter>
    </ClInclude>
    <ClInclude Include="include\thr_cond.h">
      <Filter>Header Files</Filter>
    </ClInclude>
    <ClInclude Include="include\thr_lock.h">
      <Filter>Header Files</Filter>
    </ClInclude>
    <ClInclude Include="include\thr_mutex.h">
      <Filter>Header Files</Filter>
    </ClInclude>
    <ClInclude Include="include\thr_rwlock.h">
      <Filter>Header Files</Filter>
    </ClInclude>
    <ClInclude Include="include\typelib.h">
      <Filter>Header Files</Filter>
    </ClInclude>
    <ClInclude Include="include\violite.h">
      <Filter>Header Files</Filter>
    </ClInclude>
    <ClInclude Include="include\welcome_copyright_notice.h">
      <Filter>Header Files</Filter>
    </ClInclude>
    <ClInclude Include="include\atomic\gcc_atomic.h">
      <Filter>Header Files</Filter>
    </ClInclude>
    <ClInclude Include="include\atomic\gcc_sync.h">
      <Filter>Header Files</Filter>
    </ClInclude>
    <ClInclude Include="include\atomic\generic-msvc.h">
      <Filter>Header Files</Filter>
    </ClInclude>
    <ClInclude Include="include\atomic\solaris.h">
      <Filter>Header Files</Filter>
    </ClInclude>
    <ClInclude Include="include\boost_1_59_0\patches\boost\geometry\algorithms\overlaps.hpp">
      <Filter>Header Files</Filter>
    </ClInclude>
    <ClInclude Include="include\boost_1_59_0\patches\boost\geometry\algorithms\touches.hpp">
      <Filter>Header Files</Filter>
    </ClInclude>
    <ClInclude Include="include\boost_1_59_0\patches\boost\geometry\algorithms\detail\expand_by_epsilon.hpp">
      <Filter>Header Files</Filter>
    </ClInclude>
    <ClInclude Include="include\boost_1_59_0\patches\boost\geometry\algorithms\detail\point_is_spike_or_equal.hpp">
      <Filter>Header Files</Filter>
    </ClInclude>
    <ClInclude Include="include\boost_1_59_0\patches\boost\geometry\algorithms\detail\buffer\buffered_piece_collection.hpp">
      <Filter>Header Files</Filter>
    </ClInclude>
    <ClInclude Include="include\boost_1_59_0\patches\boost\geometry\algorithms\detail\buffer\buffered_ring.hpp">
      <Filter>Header Files</Filter>
    </ClInclude>
    <ClInclude Include="include\boost_1_59_0\patches\boost\geometry\algorithms\detail\buffer\buffer_inserter.hpp">
      <Filter>Header Files</Filter>
    </ClInclude>
    <ClInclude Include="include\boost_1_59_0\patches\boost\geometry\algorithms\detail\disjoint\box_box.hpp">
      <Filter>Header Files</Filter>
    </ClInclude>
    <ClInclude Include="include\boost_1_59_0\patches\boost\geometry\algorithms\detail\disjoint\point_box.hpp">
      <Filter>Header Files</Filter>
    </ClInclude>
    <ClInclude Include="include\boost_1_59_0\patches\boost\geometry\algorithms\detail\distance\segment_to_box.hpp">
      <Filter>Header Files</Filter>
    </ClInclude>
    <ClInclude Include="include\boost_1_59_0\patches\boost\geometry\algorithms\detail\is_simple\areal.hpp">
      <Filter>Header Files</Filter>
    </ClInclude>
    <ClInclude Include="include\boost_1_59_0\patches\boost\geometry\algorithms\detail\is_simple\linear.hpp">
      <Filter>Header Files</Filter>
    </ClInclude>
    <ClInclude Include="include\boost_1_59_0\patches\boost\geometry\algorithms\detail\is_simple\multipoint.hpp">
      <Filter>Header Files</Filter>
    </ClInclude>
    <ClInclude Include="include\boost_1_59_0\patches\boost\geometry\algorithms\detail\is_valid\polygon.hpp">
      <Filter>Header Files</Filter>
    </ClInclude>
    <ClInclude Include="include\boost_1_59_0\patches\boost\geometry\algorithms\detail\overlay\clip_linestring.hpp">
      <Filter>Header Files</Filter>
    </ClInclude>
    <ClInclude Include="include\boost_1_59_0\patches\boost\geometry\algorithms\detail\overlay\enrich_intersection_points.hpp">
      <Filter>Header Files</Filter>
    </ClInclude>
    <ClInclude Include="include\boost_1_59_0\patches\boost\geometry\algorithms\detail\overlay\follow_linear_linear.hpp">
      <Filter>Header Files</Filter>
    </ClInclude>
    <ClInclude Include="include\boost_1_59_0\patches\boost\geometry\algorithms\detail\overlay\get_turns.hpp">
      <Filter>Header Files</Filter>
    </ClInclude>
    <ClInclude Include="include\boost_1_59_0\patches\boost\geometry\algorithms\detail\overlay\get_turn_info.hpp">
      <Filter>Header Files</Filter>
    </ClInclude>
    <ClInclude Include="include\boost_1_59_0\patches\boost\geometry\algorithms\detail\overlay\get_turn_info_helpers.hpp">
      <Filter>Header Files</Filter>
    </ClInclude>
    <ClInclude Include="include\boost_1_59_0\patches\boost\geometry\algorithms\detail\overlay\handle_colocations.hpp">
      <Filter>Header Files</Filter>
    </ClInclude>
    <ClInclude Include="include\boost_1_59_0\patches\boost\geometry\algorithms\detail\overlay\inconsistent_turns_exception.hpp">
      <Filter>Header Files</Filter>
    </ClInclude>
    <ClInclude Include="include\boost_1_59_0\patches\boost\geometry\algorithms\detail\overlay\insert_touch_interior_turns.hpp">
      <Filter>Header Files</Filter>
    </ClInclude>
    <ClInclude Include="include\boost_1_59_0\patches\boost\geometry\algorithms\detail\overlay\intersection_box_box.hpp">
      <Filter>Header Files</Filter>
    </ClInclude>
    <ClInclude Include="include\boost_1_59_0\patches\boost\geometry\algorithms\detail\overlay\intersection_insert.hpp">
      <Filter>Header Files</Filter>
    </ClInclude>
    <ClInclude Include="include\boost_1_59_0\patches\boost\geometry\algorithms\detail\overlay\overlay.hpp">
      <Filter>Header Files</Filter>
    </ClInclude>
    <ClInclude Include="include\boost_1_59_0\patches\boost\geometry\algorithms\detail\overlay\split_rings.hpp">
      <Filter>Header Files</Filter>
    </ClInclude>
    <ClInclude Include="include\boost_1_59_0\patches\boost\geometry\algorithms\detail\overlay\traversal_info.hpp">
      <Filter>Header Files</Filter>
    </ClInclude>
    <ClInclude Include="include\boost_1_59_0\patches\boost\geometry\algorithms\detail\overlay\traverse.hpp">
      <Filter>Header Files</Filter>
    </ClInclude>
    <ClInclude Include="include\boost_1_59_0\patches\boost\geometry\algorithms\detail\overlay\turn_info.hpp">
      <Filter>Header Files</Filter>
    </ClInclude>
    <ClInclude Include="include\boost_1_59_0\patches\boost\geometry\algorithms\detail\relate\areal_areal.hpp">
      <Filter>Header Files</Filter>
    </ClInclude>
    <ClInclude Include="include\boost_1_59_0\patches\boost\geometry\algorithms\detail\relate\boundary_checker.hpp">
      <Filter>Header Files</Filter>
    </ClInclude>
    <ClInclude Include="include\boost_1_59_0\patches\boost\geometry\algorithms\detail\relate\topology_check.hpp">
      <Filter>Header Files</Filter>
    </ClInclude>
    <ClInclude Include="include\boost_1_59_0\patches\boost\geometry\algorithms\detail\relate\turns.hpp">
      <Filter>Header Files</Filter>
    </ClInclude>
    <ClInclude Include="include\boost_1_59_0\patches\boost\geometry\algorithms\detail\sections\sectionalize.hpp">
      <Filter>Header Files</Filter>
    </ClInclude>
    <ClInclude Include="include\boost_1_59_0\patches\boost\geometry\algorithms\detail\sections\section_functions.hpp">
      <Filter>Header Files</Filter>
    </ClInclude>
    <ClInclude Include="include\boost_1_59_0\patches\boost\geometry\arithmetic\determinant.hpp">
      <Filter>Header Files</Filter>
    </ClInclude>
    <ClInclude Include="include\boost_1_59_0\patches\boost\geometry\core\exception.hpp">
      <Filter>Header Files</Filter>
    </ClInclude>
    <ClInclude Include="include\boost_1_59_0\patches\boost\geometry\index\indexable.hpp">
      <Filter>Header Files</Filter>
    </ClInclude>
    <ClInclude Include="include\boost_1_59_0\patches\boost\geometry\index\rtree.hpp">
      <Filter>Header Files</Filter>
    </ClInclude>
    <ClInclude Include="include\boost_1_59_0\patches\boost\geometry\index\detail\is_bounding_geometry.hpp">
      <Filter>Header Files</Filter>
    </ClInclude>
    <ClInclude Include="include\boost_1_59_0\patches\boost\geometry\index\detail\is_indexable.hpp">
      <Filter>Header Files</Filter>
    </ClInclude>
    <ClInclude Include="include\boost_1_59_0\patches\boost\geometry\index\detail\rtree\pack_create.hpp">
      <Filter>Header Files</Filter>
    </ClInclude>
    <ClInclude Include="include\boost_1_59_0\patches\boost\geometry\index\detail\rtree\node\node.hpp">
      <Filter>Header Files</Filter>
    </ClInclude>
    <ClInclude Include="include\boost_1_59_0\patches\boost\geometry\index\detail\rtree\node\node_elements.hpp">
      <Filter>Header Files</Filter>
    </ClInclude>
    <ClInclude Include="include\boost_1_59_0\patches\boost\geometry\index\detail\rtree\rstar\insert.hpp">
      <Filter>Header Files</Filter>
    </ClInclude>
    <ClInclude Include="include\boost_1_59_0\patches\boost\geometry\index\detail\rtree\utilities\are_boxes_ok.hpp">
      <Filter>Header Files</Filter>
    </ClInclude>
    <ClInclude Include="include\boost_1_59_0\patches\boost\geometry\index\detail\rtree\visitors\children_box.hpp">
      <Filter>Header Files</Filter>
    </ClInclude>
    <ClInclude Include="include\boost_1_59_0\patches\boost\geometry\index\detail\rtree\visitors\insert.hpp">
      <Filter>Header Files</Filter>
    </ClInclude>
    <ClInclude Include="include\boost_1_59_0\patches\boost\geometry\index\detail\rtree\visitors\remove.hpp">
      <Filter>Header Files</Filter>
    </ClInclude>
    <ClInclude Include="include\boost_1_59_0\patches\boost\geometry\strategies\agnostic\simplify_douglas_peucker.hpp">
      <Filter>Header Files</Filter>
    </ClInclude>
    <ClInclude Include="include\boost_1_59_0\patches\boost\geometry\strategies\cartesian\box_in_box.hpp">
      <Filter>Header Files</Filter>
    </ClInclude>
    <ClInclude Include="include\boost_1_59_0\patches\boost\geometry\strategies\cartesian\point_in_box.hpp">
      <Filter>Header Files</Filter>
    </ClInclude>
    <ClInclude Include="include\boost_1_59_0\patches\boost\geometry\strategies\transform\inverse_transformer.hpp">
      <Filter>Header Files</Filter>
    </ClInclude>
    <ClInclude Include="include\boost_1_59_0\patches\boost\geometry\strategies\transform\matrix_transformers.hpp">
      <Filter>Header Files</Filter>
    </ClInclude>
    <ClInclude Include="include\boost_1_59_0\patches\boost\geometry\util\has_nan_coordinate.hpp">
      <Filter>Header Files</Filter>
    </ClInclude>
    <ClInclude Include="include\boost_1_59_0\patches\boost\geometry\util\math.hpp">
      <Filter>Header Files</Filter>
    </ClInclude>
    <ClInclude Include="include\mysql\client_authentication.h">
      <Filter>Header Files</Filter>
    </ClInclude>
    <ClInclude Include="include\mysql\client_plugin.h">
      <Filter>Header Files</Filter>
    </ClInclude>
    <ClInclude Include="include\mysql\com_data.h">
      <Filter>Header Files</Filter>
    </ClInclude>
    <ClInclude Include="include\mysql\get_password.h">
      <Filter>Header Files</Filter>
    </ClInclude>
    <ClInclude Include="include\mysql\group_replication_priv.h">
      <Filter>Header Files</Filter>
    </ClInclude>
    <ClInclude Include="include\mysql\innodb_priv.h">
      <Filter>Header Files</Filter>
    </ClInclude>
    <ClInclude Include="include\mysql\mysql_lex_string.h">
      <Filter>Header Files</Filter>
    </ClInclude>
    <ClInclude Include="include\mysql\plugin.h">
      <Filter>Header Files</Filter>
    </ClInclude>
    <ClInclude Include="include\mysql\plugin_audit.h">
      <Filter>Header Files</Filter>
    </ClInclude>
    <ClInclude Include="include\mysql\plugin_auth.h">
      <Filter>Header Files</Filter>
    </ClInclude>
    <ClInclude Include="include\mysql\plugin_auth_common.h">
      <Filter>Header Files</Filter>
    </ClInclude>
    <ClInclude Include="include\mysql\plugin_ftparser.h">
      <Filter>Header Files</Filter>
    </ClInclude>
    <ClInclude Include="include\mysql\plugin_group_replication.h">
      <Filter>Header Files</Filter>
    </ClInclude>
    <ClInclude Include="include\mysql\plugin_keyring.h">
      <Filter>Header Files</Filter>
    </ClInclude>
    <ClInclude Include="include\mysql\plugin_trace.h">
      <Filter>Header Files</Filter>
    </ClInclude>
    <ClInclude Include="include\mysql\plugin_validate_password.h">
      <Filter>Header Files</Filter>
    </ClInclude>
    <ClInclude Include="include\mysql\services.h">
      <Filter>Header Files</Filter>
    </ClInclude>
    <ClInclude Include="include\mysql\service_command.h">
      <Filter>Header Files</Filter>
    </ClInclude>
    <ClInclude Include="include\mysql\service_locking.h">
      <Filter>Header Files</Filter>
    </ClInclude>
    <ClInclude Include="include\mysql\service_mysql_alloc.h">
      <Filter>Header Files</Filter>
    </ClInclude>
    <ClInclude Include="include\mysql\service_mysql_keyring.h">
      <Filter>Header Files</Filter>
    </ClInclude>
    <ClInclude Include="include\mysql\service_mysql_password_policy.h">
      <Filter>Header Files</Filter>
    </ClInclude>
    <ClInclude Include="include\mysql\service_mysql_string.h">
      <Filter>Header Files</Filter>
    </ClInclude>
    <ClInclude Include="include\mysql\service_my_plugin_log.h">
      <Filter>Header Files</Filter>
    </ClInclude>
    <ClInclude Include="include\mysql\service_my_snprintf.h">
      <Filter>Header Files</Filter>
    </ClInclude>
    <ClInclude Include="include\mysql\service_parser.h">
      <Filter>Header Files</Filter>
    </ClInclude>
    <ClInclude Include="include\mysql\service_rpl_transaction_ctx.h">
      <Filter>Header Files</Filter>
    </ClInclude>
    <ClInclude Include="include\mysql\service_rpl_transaction_write_set.h">
      <Filter>Header Files</Filter>
    </ClInclude>
    <ClInclude Include="include\mysql\service_rules_table.h">
      <Filter>Header Files</Filter>
    </ClInclude>
    <ClInclude Include="include\mysql\service_security_context.h">
      <Filter>Header Files</Filter>
    </ClInclude>
    <ClInclude Include="include\mysql\service_srv_session.h">
      <Filter>Header Files</Filter>
    </ClInclude>
    <ClInclude Include="include\mysql\service_srv_session_info.h">
      <Filter>Header Files</Filter>
    </ClInclude>
    <ClInclude Include="include\mysql\service_ssl_wrapper.h">
      <Filter>Header Files</Filter>
    </ClInclude>
    <ClInclude Include="include\mysql\service_thd_alloc.h">
      <Filter>Header Files</Filter>
    </ClInclude>
    <ClInclude Include="include\mysql\service_thd_engine_lock.h">
      <Filter>Header Files</Filter>
    </ClInclude>
    <ClInclude Include="include\mysql\service_thd_wait.h">
      <Filter>Header Files</Filter>
    </ClInclude>
    <ClInclude Include="include\mysql\service_thread_scheduler.h">
      <Filter>Header Files</Filter>
    </ClInclude>
    <ClInclude Include="include\mysql\thread_pool_priv.h">
      <Filter>Header Files</Filter>
    </ClInclude>
    <ClInclude Include="include\mysql\thread_type.h">
      <Filter>Header Files</Filter>
    </ClInclude>
    <ClInclude Include="include\mysql\psi\mysql_file.h">
      <Filter>Header Files</Filter>
    </ClInclude>
    <ClInclude Include="include\mysql\psi\mysql_idle.h">
      <Filter>Header Files</Filter>
    </ClInclude>
    <ClInclude Include="include\mysql\psi\mysql_mdl.h">
      <Filter>Header Files</Filter>
    </ClInclude>
    <ClInclude Include="include\mysql\psi\mysql_memory.h">
      <Filter>Header Files</Filter>
    </ClInclude>
    <ClInclude Include="include\mysql\psi\mysql_ps.h">
      <Filter>Header Files</Filter>
    </ClInclude>
    <ClInclude Include="include\mysql\psi\mysql_socket.h">
      <Filter>Header Files</Filter>
    </ClInclude>
    <ClInclude Include="include\mysql\psi\mysql_sp.h">
      <Filter>Header Files</Filter>
    </ClInclude>
    <ClInclude Include="include\mysql\psi\mysql_stage.h">
      <Filter>Header Files</Filter>
    </ClInclude>
    <ClInclude Include="include\mysql\psi\mysql_statement.h">
      <Filter>Header Files</Filter>
    </ClInclude>
    <ClInclude Include="include\mysql\psi\mysql_table.h">
      <Filter>Header Files</Filter>
    </ClInclude>
    <ClInclude Include="include\mysql\psi\mysql_thread.h">
      <Filter>Header Files</Filter>
    </ClInclude>
    <ClInclude Include="include\mysql\psi\mysql_transaction.h">
      <Filter>Header Files</Filter>
    </ClInclude>
    <ClInclude Include="include\mysql\psi\psi.h">
      <Filter>Header Files</Filter>
    </ClInclude>
    <ClInclude Include="include\mysql\psi\psi_abi_v0.h">
      <Filter>Header Files</Filter>
    </ClInclude>
    <ClInclude Include="include\mysql\psi\psi_abi_v1.h">
      <Filter>Header Files</Filter>
    </ClInclude>
    <ClInclude Include="include\mysql\psi\psi_abi_v2.h">
      <Filter>Header Files</Filter>
    </ClInclude>
    <ClInclude Include="include\mysql\psi\psi_base.h">
      <Filter>Header Files</Filter>
    </ClInclude>
    <ClInclude Include="include\mysql\psi\psi_memory.h">
      <Filter>Header Files</Filter>
    </ClInclude>
    <ClInclude Include="include2\config.h">
      <Filter>Header Files</Filter>
    </ClInclude>
    <ClInclude Include="include2\mysqld_ername.h">
      <Filter>Header Files</Filter>
    </ClInclude>
    <ClInclude Include="include2\mysqld_error.h">
      <Filter>Header Files</Filter>
    </ClInclude>
    <ClInclude Include="include2\mysql_version.h">
      <Filter>Header Files</Filter>
    </ClInclude>
    <ClInclude Include="include2\my_config.h">
      <Filter>Header Files</Filter>
    </ClInclude>
    <ClInclude Include="include2\sql_state.h">
      <Filter>Header Files</Filter>
    </ClInclude>
  </ItemGroup>
</Project>